
Microsoft Visual Studio Solution File, Format Version 12.00
# Visual Studio Version 16
VisualStudioVersion = 16.0.30225.117
MinimumVisualStudioVersion = 10.0.40219.1
Project("{FAE04EC0-301F-11D3-BF4B-00C04F79EFBC}") = "01. Easter Bakery", "01. Easter Bakery\01. Easter Bakery.csproj", "{55844F93-2041-4AFC-9035-E139BA0E324D}"
EndProject
Project("{FAE04EC0-301F-11D3-BF4B-00C04F79EFBC}") = "02. Easter Guests", "02. Easter Guests\02. Easter Guests.csproj", "{82A7E6E8-5C87-44CD-B5B7-E9644348F93F}"
EndProject
Project("{FAE04EC0-301F-11D3-BF4B-00C04F79EFBC}") = "03. Painting Eggs", "03. Painting Eggs\03. Painting Eggs.csproj", "{8B9450B9-9F76-4DB1-9594-6C535DBEEBD2}"
EndProject
Project("{FAE04EC0-301F-11D3-BF4B-00C04F79EFBC}") = "04. Easter Shop", "04. Easter Shop\04. Easter Shop.csproj", "{C1AFCBA4-638E-49D1-A317-2F66F4F23A57}"
EndProject
Project("{FAE04EC0-301F-11D3-BF4B-00C04F79EFBC}") = "05. Easter Bake", "05. Easter Bake\05. Easter Bake.csproj", "{2249E897-5564-4025-BB89-8EA64CFC4505}"
EndProject
Project("{FAE04EC0-301F-11D3-BF4B-00C04F79EFBC}") = "06. Easter Decoration", "06. Easter Decoration\06. Easter Decoration.csproj", "{4A28E840-CE10-44EF-A377-127C53D70C84}"
EndProject
Global
	GlobalSection(SolutionConfigurationPlatforms) = preSolution
		Debug|Any CPU = Debug|Any CPU
		Release|Any CPU = Release|Any CPU
	EndGlobalSection
	GlobalSection(ProjectConfigurationPlatforms) = postSolution
		{55844F93-2041-4AFC-9035-E139BA0E324D}.Debug|Any CPU.ActiveCfg = Debug|Any CPU
		{55844F93-2041-4AFC-9035-E139BA0E324D}.Debug|Any CPU.Build.0 = Debug|Any CPU
		{55844F93-2041-4AFC-9035-E139BA0E324D}.Release|Any CPU.ActiveCfg = Release|Any CPU
		{55844F93-2041-4AFC-9035-E139BA0E324D}.Release|Any CPU.Build.0 = Release|Any CPU
		{82A7E6E8-5C87-44CD-B5B7-E9644348F93F}.Debug|Any CPU.ActiveCfg = Debug|Any CPU
		{82A7E6E8-5C87-44CD-B5B7-E9644348F93F}.Debug|Any CPU.Build.0 = Debug|Any CPU
		{82A7E6E8-5C87-44CD-B5B7-E9644348F93F}.Release|Any CPU.ActiveCfg = Release|Any CPU
		{82A7E6E8-5C87-44CD-B5B7-E9644348F93F}.Release|Any CPU.Build.0 = Release|Any CPU
		{8B9450B9-9F76-4DB1-9594-6C535DBEEBD2}.Debug|Any CPU.ActiveCfg = Debug|Any CPU
		{8B9450B9-9F76-4DB1-9594-6C535DBEEBD2}.Debug|Any CPU.Build.0 = Debug|Any CPU
		{8B9450B9-9F76-4DB1-9594-6C535DBEEBD2}.Release|Any CPU.ActiveCfg = Release|Any CPU
		{8B9450B9-9F76-4DB1-9594-6C535DBEEBD2}.Release|Any CPU.Build.0 = Release|Any CPU
		{C1AFCBA4-638E-49D1-A317-2F66F4F23A57}.Debug|Any CPU.ActiveCfg = Debug|Any CPU
		{C1AFCBA4-638E-49D1-A317-2F66F4F23A57}.Debug|Any CPU.Build.0 = Debug|Any CPU
		{C1AFCBA4-638E-49D1-A317-2F66F4F23A57}.Release|Any CPU.ActiveCfg = Release|Any CPU
		{C1AFCBA4-638E-49D1-A317-2F66F4F23A57}.Release|Any CPU.Build.0 = Release|Any CPU
		{2249E897-5564-4025-BB89-8EA64CFC4505}.Debug|Any CPU.ActiveCfg = Debug|Any CPU
		{2249E897-5564-4025-BB89-8EA64CFC4505}.Debug|Any CPU.Build.0 = Debug|Any CPU
		{2249E897-5564-4025-BB89-8EA64CFC4505}.Release|Any CPU.ActiveCfg = Release|Any CPU
		{2249E897-5564-4025-BB89-8EA64CFC4505}.Release|Any CPU.Build.0 = Release|Any CPU
		{4A28E840-CE10-44EF-A377-127C53D70C84}.Debug|Any CPU.ActiveCfg = Debug|Any CPU
		{4A28E840-CE10-44EF-A377-127C53D70C84}.Debug|Any CPU.Build.0 = Debug|Any CPU
		{4A28E840-CE10-44EF-A377-127C53D70C84}.Release|Any CPU.ActiveCfg = Release|Any CPU
		{4A28E840-CE10-44EF-A377-127C53D70C84}.Release|Any CPU.Build.0 = Release|Any CPU
	EndGlobalSection
	GlobalSection(SolutionProperties) = preSolution
		HideSolutionNode = FALSE
	EndGlobalSection
	GlobalSection(ExtensibilityGlobals) = postSolution
		SolutionGuid = {50B046DF-C808-4C05-A461-3D7AB2E0B7DE}
	EndGlobalSection
EndGlobal
