
Microsoft Visual Studio Solution File, Format Version 12.00
# Visual Studio Version 16
VisualStudioVersion = 16.0.30413.136
MinimumVisualStudioVersion = 10.0.40219.1
Project("{FAE04EC0-301F-11D3-BF4B-00C04F79EFBC}") = "01.National Court", "01.National Court\01.National Court.csproj", "{A7428DC1-69CD-472F-B770-3543C89D7195}"
EndProject
Project("{FAE04EC0-301F-11D3-BF4B-00C04F79EFBC}") = "02.Shopping List", "02.Shopping List\02.Shopping List.csproj", "{C5EF5591-80FE-492B-8237-BD44FABAF6A8}"
EndProject
Project("{FAE04EC0-301F-11D3-BF4B-00C04F79EFBC}") = "03.Heart Delivery", "03.Heart Delivery\03.Heart Delivery.csproj", "{10A7E70A-C6A1-4415-828F-40E7A17A6F17}"
EndProject
Global
	GlobalSection(SolutionConfigurationPlatforms) = preSolution
		Debug|Any CPU = Debug|Any CPU
		Release|Any CPU = Release|Any CPU
	EndGlobalSection
	GlobalSection(ProjectConfigurationPlatforms) = postSolution
		{A7428DC1-69CD-472F-B770-3543C89D7195}.Debug|Any CPU.ActiveCfg = Debug|Any CPU
		{A7428DC1-69CD-472F-B770-3543C89D7195}.Debug|Any CPU.Build.0 = Debug|Any CPU
		{A7428DC1-69CD-472F-B770-3543C89D7195}.Release|Any CPU.ActiveCfg = Release|Any CPU
		{A7428DC1-69CD-472F-B770-3543C89D7195}.Release|Any CPU.Build.0 = Release|Any CPU
		{C5EF5591-80FE-492B-8237-BD44FABAF6A8}.Debug|Any CPU.ActiveCfg = Debug|Any CPU
		{C5EF5591-80FE-492B-8237-BD44FABAF6A8}.Debug|Any CPU.Build.0 = Debug|Any CPU
		{C5EF5591-80FE-492B-8237-BD44FABAF6A8}.Release|Any CPU.ActiveCfg = Release|Any CPU
		{C5EF5591-80FE-492B-8237-BD44FABAF6A8}.Release|Any CPU.Build.0 = Release|Any CPU
		{10A7E70A-C6A1-4415-828F-40E7A17A6F17}.Debug|Any CPU.ActiveCfg = Debug|Any CPU
		{10A7E70A-C6A1-4415-828F-40E7A17A6F17}.Debug|Any CPU.Build.0 = Debug|Any CPU
		{10A7E70A-C6A1-4415-828F-40E7A17A6F17}.Release|Any CPU.ActiveCfg = Release|Any CPU
		{10A7E70A-C6A1-4415-828F-40E7A17A6F17}.Release|Any CPU.Build.0 = Release|Any CPU
	EndGlobalSection
	GlobalSection(SolutionProperties) = preSolution
		HideSolutionNode = FALSE
	EndGlobalSection
	GlobalSection(ExtensibilityGlobals) = postSolution
		SolutionGuid = {05569BA7-47E4-4153-BB60-6387AA95B66B}
	EndGlobalSection
EndGlobal
