
Microsoft Visual Studio Solution File, Format Version 12.00
# Visual Studio Version 16
VisualStudioVersion = 16.0.30711.63
MinimumVisualStudioVersion = 10.0.40219.1
Project("{FAE04EC0-301F-11D3-BF4B-00C04F79EFBC}") = "01.Longest Palindrome Sub-List", "01.Longest Palindrome Sub-List\01.Longest Palindrome Sub-List.csproj", "{F32D24E7-7860-4414-AFBB-135124E5C2DE}"
EndProject
Global
	GlobalSection(SolutionConfigurationPlatforms) = preSolution
		Debug|Any CPU = Debug|Any CPU
		Release|Any CPU = Release|Any CPU
	EndGlobalSection
	GlobalSection(ProjectConfigurationPlatforms) = postSolution
		{F32D24E7-7860-4414-AFBB-135124E5C2DE}.Debug|Any CPU.ActiveCfg = Debug|Any CPU
		{F32D24E7-7860-4414-AFBB-135124E5C2DE}.Debug|Any CPU.Build.0 = Debug|Any CPU
		{F32D24E7-7860-4414-AFBB-135124E5C2DE}.Release|Any CPU.ActiveCfg = Release|Any CPU
		{F32D24E7-7860-4414-AFBB-135124E5C2DE}.Release|Any CPU.Build.0 = Release|Any CPU
	EndGlobalSection
	GlobalSection(SolutionProperties) = preSolution
		HideSolutionNode = FALSE
	EndGlobalSection
	GlobalSection(ExtensibilityGlobals) = postSolution
		SolutionGuid = {0E31255B-78CA-49DE-9E38-512561C29DCA}
	EndGlobalSection
EndGlobal
