
Microsoft Visual Studio Solution File, Format Version 12.00
# Visual Studio Version 16
VisualStudioVersion = 16.0.30413.136
MinimumVisualStudioVersion = 10.0.40219.1
Project("{9A19103F-16F7-4668-BE54-9A1E7A4F7556}") = "01. Messaging", "01. Messaging\01. Messaging.csproj", "{B1CBFAC5-C4FC-47B5-AB03-E0F0350D821C}"
EndProject
Project("{9A19103F-16F7-4668-BE54-9A1E7A4F7556}") = "02. Car Race", "02. Car Race\02. Car Race.csproj", "{DA0C6D16-28B6-4538-A927-339E48D536C1}"
EndProject
Project("{9A19103F-16F7-4668-BE54-9A1E7A4F7556}") = "03. TakeSkip Rope", "03. TakeSkip Rope\03. TakeSkip Rope.csproj", "{4092006A-6E6E-4F81-A90D-EBFFCB385772}"
EndProject
Project("{FAE04EC0-301F-11D3-BF4B-00C04F79EFBC}") = "04.Mixed Up Lists", "04.Mixed Up Lists\04.Mixed Up Lists.csproj", "{F99558A2-41EB-469A-A63B-FA54121024B5}"
EndProject
Project("{FAE04EC0-301F-11D3-BF4B-00C04F79EFBC}") = "05.Drum Set", "05.Drum Set\05.Drum Set.csproj", "{BC2CB36C-7B47-4491-B892-89FA50A387D5}"
EndProject
Global
	GlobalSection(SolutionConfigurationPlatforms) = preSolution
		Debug|Any CPU = Debug|Any CPU
		Release|Any CPU = Release|Any CPU
	EndGlobalSection
	GlobalSection(ProjectConfigurationPlatforms) = postSolution
		{B1CBFAC5-C4FC-47B5-AB03-E0F0350D821C}.Debug|Any CPU.ActiveCfg = Debug|Any CPU
		{B1CBFAC5-C4FC-47B5-AB03-E0F0350D821C}.Debug|Any CPU.Build.0 = Debug|Any CPU
		{B1CBFAC5-C4FC-47B5-AB03-E0F0350D821C}.Release|Any CPU.ActiveCfg = Release|Any CPU
		{B1CBFAC5-C4FC-47B5-AB03-E0F0350D821C}.Release|Any CPU.Build.0 = Release|Any CPU
		{DA0C6D16-28B6-4538-A927-339E48D536C1}.Debug|Any CPU.ActiveCfg = Debug|Any CPU
		{DA0C6D16-28B6-4538-A927-339E48D536C1}.Debug|Any CPU.Build.0 = Debug|Any CPU
		{DA0C6D16-28B6-4538-A927-339E48D536C1}.Release|Any CPU.ActiveCfg = Release|Any CPU
		{DA0C6D16-28B6-4538-A927-339E48D536C1}.Release|Any CPU.Build.0 = Release|Any CPU
		{4092006A-6E6E-4F81-A90D-EBFFCB385772}.Debug|Any CPU.ActiveCfg = Debug|Any CPU
		{4092006A-6E6E-4F81-A90D-EBFFCB385772}.Debug|Any CPU.Build.0 = Debug|Any CPU
		{4092006A-6E6E-4F81-A90D-EBFFCB385772}.Release|Any CPU.ActiveCfg = Release|Any CPU
		{4092006A-6E6E-4F81-A90D-EBFFCB385772}.Release|Any CPU.Build.0 = Release|Any CPU
		{F99558A2-41EB-469A-A63B-FA54121024B5}.Debug|Any CPU.ActiveCfg = Debug|Any CPU
		{F99558A2-41EB-469A-A63B-FA54121024B5}.Debug|Any CPU.Build.0 = Debug|Any CPU
		{F99558A2-41EB-469A-A63B-FA54121024B5}.Release|Any CPU.ActiveCfg = Release|Any CPU
		{F99558A2-41EB-469A-A63B-FA54121024B5}.Release|Any CPU.Build.0 = Release|Any CPU
		{BC2CB36C-7B47-4491-B892-89FA50A387D5}.Debug|Any CPU.ActiveCfg = Debug|Any CPU
		{BC2CB36C-7B47-4491-B892-89FA50A387D5}.Debug|Any CPU.Build.0 = Debug|Any CPU
		{BC2CB36C-7B47-4491-B892-89FA50A387D5}.Release|Any CPU.ActiveCfg = Release|Any CPU
		{BC2CB36C-7B47-4491-B892-89FA50A387D5}.Release|Any CPU.Build.0 = Release|Any CPU
	EndGlobalSection
	GlobalSection(SolutionProperties) = preSolution
		HideSolutionNode = FALSE
	EndGlobalSection
	GlobalSection(ExtensibilityGlobals) = postSolution
		SolutionGuid = {2297328D-BCC5-41E6-BD14-6E93ADF907C4}
	EndGlobalSection
EndGlobal
