
Microsoft Visual Studio Solution File, Format Version 12.00
# Visual Studio Version 16
VisualStudioVersion = 16.0.30413.136
MinimumVisualStudioVersion = 10.0.40219.1
Project("{FAE04EC0-301F-11D3-BF4B-00C04F79EFBC}") = "01.Spring Vacation Trip", "01.Spring Vacation Trip\01.Spring Vacation Trip.csproj", "{480B7E7E-E1CB-4632-ADFA-16552980DAB0}"
EndProject
Project("{FAE04EC0-301F-11D3-BF4B-00C04F79EFBC}") = "02.Hello, France", "02.Hello, France\02.Hello, France.csproj", "{7ECE8B1B-F52E-4939-B1DC-6F97084E9B93}"
EndProject
Project("{FAE04EC0-301F-11D3-BF4B-00C04F79EFBC}") = "03.Last Stop", "03.Last Stop\03.Last Stop.csproj", "{F1D1D46E-8FC5-4569-A5EF-C77006753FAC}"
EndProject
Global
	GlobalSection(SolutionConfigurationPlatforms) = preSolution
		Debug|Any CPU = Debug|Any CPU
		Release|Any CPU = Release|Any CPU
	EndGlobalSection
	GlobalSection(ProjectConfigurationPlatforms) = postSolution
		{480B7E7E-E1CB-4632-ADFA-16552980DAB0}.Debug|Any CPU.ActiveCfg = Debug|Any CPU
		{480B7E7E-E1CB-4632-ADFA-16552980DAB0}.Debug|Any CPU.Build.0 = Debug|Any CPU
		{480B7E7E-E1CB-4632-ADFA-16552980DAB0}.Release|Any CPU.ActiveCfg = Release|Any CPU
		{480B7E7E-E1CB-4632-ADFA-16552980DAB0}.Release|Any CPU.Build.0 = Release|Any CPU
		{7ECE8B1B-F52E-4939-B1DC-6F97084E9B93}.Debug|Any CPU.ActiveCfg = Debug|Any CPU
		{7ECE8B1B-F52E-4939-B1DC-6F97084E9B93}.Debug|Any CPU.Build.0 = Debug|Any CPU
		{7ECE8B1B-F52E-4939-B1DC-6F97084E9B93}.Release|Any CPU.ActiveCfg = Release|Any CPU
		{7ECE8B1B-F52E-4939-B1DC-6F97084E9B93}.Release|Any CPU.Build.0 = Release|Any CPU
		{F1D1D46E-8FC5-4569-A5EF-C77006753FAC}.Debug|Any CPU.ActiveCfg = Debug|Any CPU
		{F1D1D46E-8FC5-4569-A5EF-C77006753FAC}.Debug|Any CPU.Build.0 = Debug|Any CPU
		{F1D1D46E-8FC5-4569-A5EF-C77006753FAC}.Release|Any CPU.ActiveCfg = Release|Any CPU
		{F1D1D46E-8FC5-4569-A5EF-C77006753FAC}.Release|Any CPU.Build.0 = Release|Any CPU
	EndGlobalSection
	GlobalSection(SolutionProperties) = preSolution
		HideSolutionNode = FALSE
	EndGlobalSection
	GlobalSection(ExtensibilityGlobals) = postSolution
		SolutionGuid = {15AD29E8-227D-4266-BF6E-17D427BC4CC6}
	EndGlobalSection
EndGlobal
