
Microsoft Visual Studio Solution File, Format Version 12.00
# Visual Studio Version 16
VisualStudioVersion = 16.0.30413.136
MinimumVisualStudioVersion = 10.0.40219.1
Project("{9A19103F-16F7-4668-BE54-9A1E7A4F7556}") = "01.DayofWeek", "01.DayofWeek\01.DayofWeek.csproj", "{B80BF18F-931D-4106-B3B6-E1B90555E888}"
EndProject
Project("{9A19103F-16F7-4668-BE54-9A1E7A4F7556}") = "02.Randomize Words", "02.Randomize Words\02.Randomize Words.csproj", "{1CAD42D0-E1AD-4584-BE0E-28A5E97E1767}"
EndProject
Project("{FAE04EC0-301F-11D3-BF4B-00C04F79EFBC}") = "03.Big Factorial", "03.Big Factorial\03.Big Factorial.csproj", "{B745A378-62C0-4F54-AF98-8139F14EADE9}"
EndProject
Project("{FAE04EC0-301F-11D3-BF4B-00C04F79EFBC}") = "04.Songs", "04.Songs\04.Songs.csproj", "{0D4EB36C-136C-4CAC-A4D2-78E30C71E65C}"
EndProject
Project("{FAE04EC0-301F-11D3-BF4B-00C04F79EFBC}") = "05.Students", "05.Students\05.Students.csproj", "{FCA0CCA2-B906-49A6-871E-B4175401B0A5}"
EndProject
Project("{FAE04EC0-301F-11D3-BF4B-00C04F79EFBC}") = "06.Students 2.0", "06.Students 2.0\06.Students 2.0.csproj", "{87291B41-7770-4FA3-AB28-D0A6272587C1}"
EndProject
Project("{FAE04EC0-301F-11D3-BF4B-00C04F79EFBC}") = "07.Store Boxes", "07.Store Boxes\07.Store Boxes.csproj", "{585021F7-A3B5-46FB-A45E-7C800ED2DAF6}"
EndProject
Project("{FAE04EC0-301F-11D3-BF4B-00C04F79EFBC}") = "08.VehicleCatalogue", "08.VehicleCatalogue\08.VehicleCatalogue.csproj", "{847A4F45-6244-44AE-9BC6-1C3A9DEC3DB2}"
EndProject
Global
	GlobalSection(SolutionConfigurationPlatforms) = preSolution
		Debug|Any CPU = Debug|Any CPU
		Release|Any CPU = Release|Any CPU
	EndGlobalSection
	GlobalSection(ProjectConfigurationPlatforms) = postSolution
		{B80BF18F-931D-4106-B3B6-E1B90555E888}.Debug|Any CPU.ActiveCfg = Debug|Any CPU
		{B80BF18F-931D-4106-B3B6-E1B90555E888}.Debug|Any CPU.Build.0 = Debug|Any CPU
		{B80BF18F-931D-4106-B3B6-E1B90555E888}.Release|Any CPU.ActiveCfg = Release|Any CPU
		{B80BF18F-931D-4106-B3B6-E1B90555E888}.Release|Any CPU.Build.0 = Release|Any CPU
		{1CAD42D0-E1AD-4584-BE0E-28A5E97E1767}.Debug|Any CPU.ActiveCfg = Debug|Any CPU
		{1CAD42D0-E1AD-4584-BE0E-28A5E97E1767}.Debug|Any CPU.Build.0 = Debug|Any CPU
		{1CAD42D0-E1AD-4584-BE0E-28A5E97E1767}.Release|Any CPU.ActiveCfg = Release|Any CPU
		{1CAD42D0-E1AD-4584-BE0E-28A5E97E1767}.Release|Any CPU.Build.0 = Release|Any CPU
		{B745A378-62C0-4F54-AF98-8139F14EADE9}.Debug|Any CPU.ActiveCfg = Debug|Any CPU
		{B745A378-62C0-4F54-AF98-8139F14EADE9}.Debug|Any CPU.Build.0 = Debug|Any CPU
		{B745A378-62C0-4F54-AF98-8139F14EADE9}.Release|Any CPU.ActiveCfg = Release|Any CPU
		{B745A378-62C0-4F54-AF98-8139F14EADE9}.Release|Any CPU.Build.0 = Release|Any CPU
		{0D4EB36C-136C-4CAC-A4D2-78E30C71E65C}.Debug|Any CPU.ActiveCfg = Debug|Any CPU
		{0D4EB36C-136C-4CAC-A4D2-78E30C71E65C}.Debug|Any CPU.Build.0 = Debug|Any CPU
		{0D4EB36C-136C-4CAC-A4D2-78E30C71E65C}.Release|Any CPU.ActiveCfg = Release|Any CPU
		{0D4EB36C-136C-4CAC-A4D2-78E30C71E65C}.Release|Any CPU.Build.0 = Release|Any CPU
		{FCA0CCA2-B906-49A6-871E-B4175401B0A5}.Debug|Any CPU.ActiveCfg = Debug|Any CPU
		{FCA0CCA2-B906-49A6-871E-B4175401B0A5}.Debug|Any CPU.Build.0 = Debug|Any CPU
		{FCA0CCA2-B906-49A6-871E-B4175401B0A5}.Release|Any CPU.ActiveCfg = Release|Any CPU
		{FCA0CCA2-B906-49A6-871E-B4175401B0A5}.Release|Any CPU.Build.0 = Release|Any CPU
		{87291B41-7770-4FA3-AB28-D0A6272587C1}.Debug|Any CPU.ActiveCfg = Debug|Any CPU
		{87291B41-7770-4FA3-AB28-D0A6272587C1}.Debug|Any CPU.Build.0 = Debug|Any CPU
		{87291B41-7770-4FA3-AB28-D0A6272587C1}.Release|Any CPU.ActiveCfg = Release|Any CPU
		{87291B41-7770-4FA3-AB28-D0A6272587C1}.Release|Any CPU.Build.0 = Release|Any CPU
		{585021F7-A3B5-46FB-A45E-7C800ED2DAF6}.Debug|Any CPU.ActiveCfg = Debug|Any CPU
		{585021F7-A3B5-46FB-A45E-7C800ED2DAF6}.Debug|Any CPU.Build.0 = Debug|Any CPU
		{585021F7-A3B5-46FB-A45E-7C800ED2DAF6}.Release|Any CPU.ActiveCfg = Release|Any CPU
		{585021F7-A3B5-46FB-A45E-7C800ED2DAF6}.Release|Any CPU.Build.0 = Release|Any CPU
		{847A4F45-6244-44AE-9BC6-1C3A9DEC3DB2}.Debug|Any CPU.ActiveCfg = Debug|Any CPU
		{847A4F45-6244-44AE-9BC6-1C3A9DEC3DB2}.Debug|Any CPU.Build.0 = Debug|Any CPU
		{847A4F45-6244-44AE-9BC6-1C3A9DEC3DB2}.Release|Any CPU.ActiveCfg = Release|Any CPU
		{847A4F45-6244-44AE-9BC6-1C3A9DEC3DB2}.Release|Any CPU.Build.0 = Release|Any CPU
	EndGlobalSection
	GlobalSection(SolutionProperties) = preSolution
		HideSolutionNode = FALSE
	EndGlobalSection
	GlobalSection(ExtensibilityGlobals) = postSolution
		SolutionGuid = {28A2E4DE-BF1E-4E61-AEF6-D998C0E0EDCC}
	EndGlobalSection
EndGlobal
