
Microsoft Visual Studio Solution File, Format Version 12.00
# Visual Studio Version 16
VisualStudioVersion = 16.0.30413.136
MinimumVisualStudioVersion = 10.0.40219.1
Project("{FAE04EC0-301F-11D3-BF4B-00C04F79EFBC}") = "01.CountRealNumbers", "01.CountRealNumbers\01.CountRealNumbers.csproj", "{EC5B2B69-A21D-45C6-9B6D-DD21628E80A5}"
EndProject
Project("{FAE04EC0-301F-11D3-BF4B-00C04F79EFBC}") = "02.OddOccurrences", "02.OddOccurrences\02.OddOccurrences.csproj", "{D26956AA-DF9B-4D2D-8DFE-C7383AC72C6A}"
EndProject
Project("{FAE04EC0-301F-11D3-BF4B-00C04F79EFBC}") = "03.WordSynonyms", "03.WordSynonyms\03.WordSynonyms.csproj", "{C6C76895-5855-4895-AB0F-FDC05BFAEF45}"
EndProject
Project("{FAE04EC0-301F-11D3-BF4B-00C04F79EFBC}") = "04.Largest3Numbers", "04.Largest3Numbers\04.Largest3Numbers.csproj", "{0435AEBC-B610-4562-9CD6-AB5F049A093D}"
EndProject
Project("{FAE04EC0-301F-11D3-BF4B-00C04F79EFBC}") = "05.WordFilter", "05.WordFilter\05.WordFilter.csproj", "{A80BB866-77FA-4AE0-A572-7CF51AE0D8CA}"
EndProject
Global
	GlobalSection(SolutionConfigurationPlatforms) = preSolution
		Debug|Any CPU = Debug|Any CPU
		Release|Any CPU = Release|Any CPU
	EndGlobalSection
	GlobalSection(ProjectConfigurationPlatforms) = postSolution
		{EC5B2B69-A21D-45C6-9B6D-DD21628E80A5}.Debug|Any CPU.ActiveCfg = Debug|Any CPU
		{EC5B2B69-A21D-45C6-9B6D-DD21628E80A5}.Debug|Any CPU.Build.0 = Debug|Any CPU
		{EC5B2B69-A21D-45C6-9B6D-DD21628E80A5}.Release|Any CPU.ActiveCfg = Release|Any CPU
		{EC5B2B69-A21D-45C6-9B6D-DD21628E80A5}.Release|Any CPU.Build.0 = Release|Any CPU
		{D26956AA-DF9B-4D2D-8DFE-C7383AC72C6A}.Debug|Any CPU.ActiveCfg = Debug|Any CPU
		{D26956AA-DF9B-4D2D-8DFE-C7383AC72C6A}.Debug|Any CPU.Build.0 = Debug|Any CPU
		{D26956AA-DF9B-4D2D-8DFE-C7383AC72C6A}.Release|Any CPU.ActiveCfg = Release|Any CPU
		{D26956AA-DF9B-4D2D-8DFE-C7383AC72C6A}.Release|Any CPU.Build.0 = Release|Any CPU
		{C6C76895-5855-4895-AB0F-FDC05BFAEF45}.Debug|Any CPU.ActiveCfg = Debug|Any CPU
		{C6C76895-5855-4895-AB0F-FDC05BFAEF45}.Debug|Any CPU.Build.0 = Debug|Any CPU
		{C6C76895-5855-4895-AB0F-FDC05BFAEF45}.Release|Any CPU.ActiveCfg = Release|Any CPU
		{C6C76895-5855-4895-AB0F-FDC05BFAEF45}.Release|Any CPU.Build.0 = Release|Any CPU
		{0435AEBC-B610-4562-9CD6-AB5F049A093D}.Debug|Any CPU.ActiveCfg = Debug|Any CPU
		{0435AEBC-B610-4562-9CD6-AB5F049A093D}.Debug|Any CPU.Build.0 = Debug|Any CPU
		{0435AEBC-B610-4562-9CD6-AB5F049A093D}.Release|Any CPU.ActiveCfg = Release|Any CPU
		{0435AEBC-B610-4562-9CD6-AB5F049A093D}.Release|Any CPU.Build.0 = Release|Any CPU
		{A80BB866-77FA-4AE0-A572-7CF51AE0D8CA}.Debug|Any CPU.ActiveCfg = Debug|Any CPU
		{A80BB866-77FA-4AE0-A572-7CF51AE0D8CA}.Debug|Any CPU.Build.0 = Debug|Any CPU
		{A80BB866-77FA-4AE0-A572-7CF51AE0D8CA}.Release|Any CPU.ActiveCfg = Release|Any CPU
		{A80BB866-77FA-4AE0-A572-7CF51AE0D8CA}.Release|Any CPU.Build.0 = Release|Any CPU
	EndGlobalSection
	GlobalSection(SolutionProperties) = preSolution
		HideSolutionNode = FALSE
	EndGlobalSection
	GlobalSection(ExtensibilityGlobals) = postSolution
		SolutionGuid = {2A883599-5268-44F8-9C08-FA592CDCA36F}
	EndGlobalSection
EndGlobal
