
Microsoft Visual Studio Solution File, Format Version 12.00
# Visual Studio Version 16
VisualStudioVersion = 16.0.30621.155
MinimumVisualStudioVersion = 10.0.40219.1
Project("{FAE04EC0-301F-11D3-BF4B-00C04F79EFBC}") = "01.CoffeeShop", "01.CoffeeShop\01.CoffeeShop.csproj", "{33CCAFF2-A2E3-42D0-A222-C8D7E3500471}"
EndProject
Project("{FAE04EC0-301F-11D3-BF4B-00C04F79EFBC}") = "02.Commands", "02.Commands\02.Commands.csproj", "{AEEC976C-89E0-4218-9176-54DCB09026E8}"
EndProject
Project("{FAE04EC0-301F-11D3-BF4B-00C04F79EFBC}") = "03.AngryPet", "03.AngryPet\03.AngryPet.csproj", "{9D327756-1BC8-4F63-B660-F617ED7E2BF8}"
EndProject
Global
	GlobalSection(SolutionConfigurationPlatforms) = preSolution
		Debug|Any CPU = Debug|Any CPU
		Release|Any CPU = Release|Any CPU
	EndGlobalSection
	GlobalSection(ProjectConfigurationPlatforms) = postSolution
		{33CCAFF2-A2E3-42D0-A222-C8D7E3500471}.Debug|Any CPU.ActiveCfg = Debug|Any CPU
		{33CCAFF2-A2E3-42D0-A222-C8D7E3500471}.Debug|Any CPU.Build.0 = Debug|Any CPU
		{33CCAFF2-A2E3-42D0-A222-C8D7E3500471}.Release|Any CPU.ActiveCfg = Release|Any CPU
		{33CCAFF2-A2E3-42D0-A222-C8D7E3500471}.Release|Any CPU.Build.0 = Release|Any CPU
		{AEEC976C-89E0-4218-9176-54DCB09026E8}.Debug|Any CPU.ActiveCfg = Debug|Any CPU
		{AEEC976C-89E0-4218-9176-54DCB09026E8}.Debug|Any CPU.Build.0 = Debug|Any CPU
		{AEEC976C-89E0-4218-9176-54DCB09026E8}.Release|Any CPU.ActiveCfg = Release|Any CPU
		{AEEC976C-89E0-4218-9176-54DCB09026E8}.Release|Any CPU.Build.0 = Release|Any CPU
		{9D327756-1BC8-4F63-B660-F617ED7E2BF8}.Debug|Any CPU.ActiveCfg = Debug|Any CPU
		{9D327756-1BC8-4F63-B660-F617ED7E2BF8}.Debug|Any CPU.Build.0 = Debug|Any CPU
		{9D327756-1BC8-4F63-B660-F617ED7E2BF8}.Release|Any CPU.ActiveCfg = Release|Any CPU
		{9D327756-1BC8-4F63-B660-F617ED7E2BF8}.Release|Any CPU.Build.0 = Release|Any CPU
	EndGlobalSection
	GlobalSection(SolutionProperties) = preSolution
		HideSolutionNode = FALSE
	EndGlobalSection
	GlobalSection(ExtensibilityGlobals) = postSolution
		SolutionGuid = {A79D3730-574E-4317-91B9-5471B8DFC031}
	EndGlobalSection
EndGlobal
