
Microsoft Visual Studio Solution File, Format Version 12.00
# Visual Studio Version 16
VisualStudioVersion = 16.0.30711.63
MinimumVisualStudioVersion = 10.0.40219.1
Project("{FAE04EC0-301F-11D3-BF4B-00C04F79EFBC}") = "01.World Tour", "01.World Tour\01.World Tour.csproj", "{B2DA57EC-46F4-42FB-8905-D353599DBF4B}"
EndProject
Project("{FAE04EC0-301F-11D3-BF4B-00C04F79EFBC}") = "02.Destination Mapper", "02.Destination Mapper\02.Destination Mapper.csproj", "{88533C45-D343-4887-9A0A-DE60FC472F4E}"
EndProject
Project("{FAE04EC0-301F-11D3-BF4B-00C04F79EFBC}") = "03.Plant Discovery", "03.Plant Discovery\03.Plant Discovery.csproj", "{9E78B9AA-D490-48C2-A812-9C7498677D9B}"
EndProject
Global
	GlobalSection(SolutionConfigurationPlatforms) = preSolution
		Debug|Any CPU = Debug|Any CPU
		Release|Any CPU = Release|Any CPU
	EndGlobalSection
	GlobalSection(ProjectConfigurationPlatforms) = postSolution
		{B2DA57EC-46F4-42FB-8905-D353599DBF4B}.Debug|Any CPU.ActiveCfg = Debug|Any CPU
		{B2DA57EC-46F4-42FB-8905-D353599DBF4B}.Debug|Any CPU.Build.0 = Debug|Any CPU
		{B2DA57EC-46F4-42FB-8905-D353599DBF4B}.Release|Any CPU.ActiveCfg = Release|Any CPU
		{B2DA57EC-46F4-42FB-8905-D353599DBF4B}.Release|Any CPU.Build.0 = Release|Any CPU
		{88533C45-D343-4887-9A0A-DE60FC472F4E}.Debug|Any CPU.ActiveCfg = Debug|Any CPU
		{88533C45-D343-4887-9A0A-DE60FC472F4E}.Debug|Any CPU.Build.0 = Debug|Any CPU
		{88533C45-D343-4887-9A0A-DE60FC472F4E}.Release|Any CPU.ActiveCfg = Release|Any CPU
		{88533C45-D343-4887-9A0A-DE60FC472F4E}.Release|Any CPU.Build.0 = Release|Any CPU
		{9E78B9AA-D490-48C2-A812-9C7498677D9B}.Debug|Any CPU.ActiveCfg = Debug|Any CPU
		{9E78B9AA-D490-48C2-A812-9C7498677D9B}.Debug|Any CPU.Build.0 = Debug|Any CPU
		{9E78B9AA-D490-48C2-A812-9C7498677D9B}.Release|Any CPU.ActiveCfg = Release|Any CPU
		{9E78B9AA-D490-48C2-A812-9C7498677D9B}.Release|Any CPU.Build.0 = Release|Any CPU
	EndGlobalSection
	GlobalSection(SolutionProperties) = preSolution
		HideSolutionNode = FALSE
	EndGlobalSection
	GlobalSection(ExtensibilityGlobals) = postSolution
		SolutionGuid = {14D65D05-0F25-4F0B-83CD-B96AD9E4C914}
	EndGlobalSection
EndGlobal
