
Microsoft Visual Studio Solution File, Format Version 12.00
# Visual Studio Version 16
VisualStudioVersion = 16.0.30413.136
MinimumVisualStudioVersion = 10.0.40219.1
Project("{FAE04EC0-301F-11D3-BF4B-00C04F79EFBC}") = "01.The Hunting Games", "01.The Hunting Games\01.The Hunting Games.csproj", "{59167642-5891-4790-9A05-3E7782E7F979}"
EndProject
Project("{FAE04EC0-301F-11D3-BF4B-00C04F79EFBC}") = "02.Seize the Fire", "02.Seize the Fire\02.Seize the Fire.csproj", "{7DAA97E3-28EA-413C-9583-36EAB0A71790}"
EndProject
Project("{FAE04EC0-301F-11D3-BF4B-00C04F79EFBC}") = "03.The Final Quest", "03.The Final Quest\03.The Final Quest.csproj", "{AD385FAF-F3F7-40CF-9946-D3AEF66A4842}"
EndProject
Global
	GlobalSection(SolutionConfigurationPlatforms) = preSolution
		Debug|Any CPU = Debug|Any CPU
		Release|Any CPU = Release|Any CPU
	EndGlobalSection
	GlobalSection(ProjectConfigurationPlatforms) = postSolution
		{59167642-5891-4790-9A05-3E7782E7F979}.Debug|Any CPU.ActiveCfg = Debug|Any CPU
		{59167642-5891-4790-9A05-3E7782E7F979}.Debug|Any CPU.Build.0 = Debug|Any CPU
		{59167642-5891-4790-9A05-3E7782E7F979}.Release|Any CPU.ActiveCfg = Release|Any CPU
		{59167642-5891-4790-9A05-3E7782E7F979}.Release|Any CPU.Build.0 = Release|Any CPU
		{7DAA97E3-28EA-413C-9583-36EAB0A71790}.Debug|Any CPU.ActiveCfg = Debug|Any CPU
		{7DAA97E3-28EA-413C-9583-36EAB0A71790}.Debug|Any CPU.Build.0 = Debug|Any CPU
		{7DAA97E3-28EA-413C-9583-36EAB0A71790}.Release|Any CPU.ActiveCfg = Release|Any CPU
		{7DAA97E3-28EA-413C-9583-36EAB0A71790}.Release|Any CPU.Build.0 = Release|Any CPU
		{AD385FAF-F3F7-40CF-9946-D3AEF66A4842}.Debug|Any CPU.ActiveCfg = Debug|Any CPU
		{AD385FAF-F3F7-40CF-9946-D3AEF66A4842}.Debug|Any CPU.Build.0 = Debug|Any CPU
		{AD385FAF-F3F7-40CF-9946-D3AEF66A4842}.Release|Any CPU.ActiveCfg = Release|Any CPU
		{AD385FAF-F3F7-40CF-9946-D3AEF66A4842}.Release|Any CPU.Build.0 = Release|Any CPU
	EndGlobalSection
	GlobalSection(SolutionProperties) = preSolution
		HideSolutionNode = FALSE
	EndGlobalSection
	GlobalSection(ExtensibilityGlobals) = postSolution
		SolutionGuid = {18C48949-B1BB-46A6-9560-FAC179B16407}
	EndGlobalSection
EndGlobal
