
Microsoft Visual Studio Solution File, Format Version 12.00
# Visual Studio Version 16
VisualStudioVersion = 16.0.30413.136
MinimumVisualStudioVersion = 10.0.40219.1
Project("{9A19103F-16F7-4668-BE54-9A1E7A4F7556}") = "1. Smallest of Three Numbers", "1. Smallest of Three Numbers\1. Smallest of Three Numbers.csproj", "{91D2EE98-6503-40A1-A516-BD790423B8DF}"
EndProject
Project("{9A19103F-16F7-4668-BE54-9A1E7A4F7556}") = "2. Vowels Count", "2. Vowels Count\2. Vowels Count.csproj", "{DA448695-3A8D-46D8-A1F2-FB136113BD58}"
EndProject
Project("{9A19103F-16F7-4668-BE54-9A1E7A4F7556}") = "3. Characters in Range", "3. Characters in Range\3. Characters in Range.csproj", "{5ADD2264-B1B2-4745-A9CE-457C2A2589AC}"
EndProject
Project("{9A19103F-16F7-4668-BE54-9A1E7A4F7556}") = "4. Password Validator", "4. Password Validator\4. Password Validator.csproj", "{C5F95CB0-DF93-4CEE-9826-038754BA83A6}"
EndProject
Project("{9A19103F-16F7-4668-BE54-9A1E7A4F7556}") = "05. Add and Subtract", "05. Add and Subtract\05. Add and Subtract.csproj", "{85DC11E6-6516-44B4-ACA9-EE99A1298A5B}"
EndProject
Project("{9A19103F-16F7-4668-BE54-9A1E7A4F7556}") = "6. Middle Characters", "6. Middle Characters\6. Middle Characters.csproj", "{74F1A1EB-D17A-43AA-A560-AAB72769B888}"
EndProject
Project("{9A19103F-16F7-4668-BE54-9A1E7A4F7556}") = "7. NxN Matrix", "7. NxN Matrix\7. NxN Matrix.csproj", "{B0126D0A-8673-49EB-9428-DD235FBB76F7}"
EndProject
Project("{9A19103F-16F7-4668-BE54-9A1E7A4F7556}") = "8. Factorial Division", "8. Factorial Division\8. Factorial Division.csproj", "{0712E707-0D62-48CA-B544-B193040B2C8B}"
EndProject
Project("{9A19103F-16F7-4668-BE54-9A1E7A4F7556}") = "9. Palindrome Integers", "9. Palindrome Integers\9. Palindrome Integers.csproj", "{7D89D19F-B454-4EDF-A400-D1A38557B006}"
EndProject
Project("{9A19103F-16F7-4668-BE54-9A1E7A4F7556}") = "10. Top Number", "10. Top Number\10. Top Number.csproj", "{4FF94CC1-E90F-4E9A-BFBB-50F0AD4D7AF8}"
EndProject
Project("{9A19103F-16F7-4668-BE54-9A1E7A4F7556}") = "11. Array Manipulator", "11. Array Manipulator\11. Array Manipulator.csproj", "{8D502204-D836-4FA6-B660-C14300C9C148}"
EndProject
Project("{FAE04EC0-301F-11D3-BF4B-00C04F79EFBC}") = "ArrayManipulator", "ArrayManipulator\ArrayManipulator.csproj", "{21D94D44-92D0-47E1-8537-75F881690A02}"
EndProject
Global
	GlobalSection(SolutionConfigurationPlatforms) = preSolution
		Debug|Any CPU = Debug|Any CPU
		Release|Any CPU = Release|Any CPU
	EndGlobalSection
	GlobalSection(ProjectConfigurationPlatforms) = postSolution
		{91D2EE98-6503-40A1-A516-BD790423B8DF}.Debug|Any CPU.ActiveCfg = Debug|Any CPU
		{91D2EE98-6503-40A1-A516-BD790423B8DF}.Debug|Any CPU.Build.0 = Debug|Any CPU
		{91D2EE98-6503-40A1-A516-BD790423B8DF}.Release|Any CPU.ActiveCfg = Release|Any CPU
		{91D2EE98-6503-40A1-A516-BD790423B8DF}.Release|Any CPU.Build.0 = Release|Any CPU
		{DA448695-3A8D-46D8-A1F2-FB136113BD58}.Debug|Any CPU.ActiveCfg = Debug|Any CPU
		{DA448695-3A8D-46D8-A1F2-FB136113BD58}.Debug|Any CPU.Build.0 = Debug|Any CPU
		{DA448695-3A8D-46D8-A1F2-FB136113BD58}.Release|Any CPU.ActiveCfg = Release|Any CPU
		{DA448695-3A8D-46D8-A1F2-FB136113BD58}.Release|Any CPU.Build.0 = Release|Any CPU
		{5ADD2264-B1B2-4745-A9CE-457C2A2589AC}.Debug|Any CPU.ActiveCfg = Debug|Any CPU
		{5ADD2264-B1B2-4745-A9CE-457C2A2589AC}.Debug|Any CPU.Build.0 = Debug|Any CPU
		{5ADD2264-B1B2-4745-A9CE-457C2A2589AC}.Release|Any CPU.ActiveCfg = Release|Any CPU
		{5ADD2264-B1B2-4745-A9CE-457C2A2589AC}.Release|Any CPU.Build.0 = Release|Any CPU
		{C5F95CB0-DF93-4CEE-9826-038754BA83A6}.Debug|Any CPU.ActiveCfg = Debug|Any CPU
		{C5F95CB0-DF93-4CEE-9826-038754BA83A6}.Debug|Any CPU.Build.0 = Debug|Any CPU
		{C5F95CB0-DF93-4CEE-9826-038754BA83A6}.Release|Any CPU.ActiveCfg = Release|Any CPU
		{C5F95CB0-DF93-4CEE-9826-038754BA83A6}.Release|Any CPU.Build.0 = Release|Any CPU
		{85DC11E6-6516-44B4-ACA9-EE99A1298A5B}.Debug|Any CPU.ActiveCfg = Debug|Any CPU
		{85DC11E6-6516-44B4-ACA9-EE99A1298A5B}.Debug|Any CPU.Build.0 = Debug|Any CPU
		{85DC11E6-6516-44B4-ACA9-EE99A1298A5B}.Release|Any CPU.ActiveCfg = Release|Any CPU
		{85DC11E6-6516-44B4-ACA9-EE99A1298A5B}.Release|Any CPU.Build.0 = Release|Any CPU
		{74F1A1EB-D17A-43AA-A560-AAB72769B888}.Debug|Any CPU.ActiveCfg = Debug|Any CPU
		{74F1A1EB-D17A-43AA-A560-AAB72769B888}.Debug|Any CPU.Build.0 = Debug|Any CPU
		{74F1A1EB-D17A-43AA-A560-AAB72769B888}.Release|Any CPU.ActiveCfg = Release|Any CPU
		{74F1A1EB-D17A-43AA-A560-AAB72769B888}.Release|Any CPU.Build.0 = Release|Any CPU
		{B0126D0A-8673-49EB-9428-DD235FBB76F7}.Debug|Any CPU.ActiveCfg = Debug|Any CPU
		{B0126D0A-8673-49EB-9428-DD235FBB76F7}.Debug|Any CPU.Build.0 = Debug|Any CPU
		{B0126D0A-8673-49EB-9428-DD235FBB76F7}.Release|Any CPU.ActiveCfg = Release|Any CPU
		{B0126D0A-8673-49EB-9428-DD235FBB76F7}.Release|Any CPU.Build.0 = Release|Any CPU
		{0712E707-0D62-48CA-B544-B193040B2C8B}.Debug|Any CPU.ActiveCfg = Debug|Any CPU
		{0712E707-0D62-48CA-B544-B193040B2C8B}.Debug|Any CPU.Build.0 = Debug|Any CPU
		{0712E707-0D62-48CA-B544-B193040B2C8B}.Release|Any CPU.ActiveCfg = Release|Any CPU
		{0712E707-0D62-48CA-B544-B193040B2C8B}.Release|Any CPU.Build.0 = Release|Any CPU
		{7D89D19F-B454-4EDF-A400-D1A38557B006}.Debug|Any CPU.ActiveCfg = Debug|Any CPU
		{7D89D19F-B454-4EDF-A400-D1A38557B006}.Debug|Any CPU.Build.0 = Debug|Any CPU
		{7D89D19F-B454-4EDF-A400-D1A38557B006}.Release|Any CPU.ActiveCfg = Release|Any CPU
		{7D89D19F-B454-4EDF-A400-D1A38557B006}.Release|Any CPU.Build.0 = Release|Any CPU
		{4FF94CC1-E90F-4E9A-BFBB-50F0AD4D7AF8}.Debug|Any CPU.ActiveCfg = Debug|Any CPU
		{4FF94CC1-E90F-4E9A-BFBB-50F0AD4D7AF8}.Debug|Any CPU.Build.0 = Debug|Any CPU
		{4FF94CC1-E90F-4E9A-BFBB-50F0AD4D7AF8}.Release|Any CPU.ActiveCfg = Release|Any CPU
		{4FF94CC1-E90F-4E9A-BFBB-50F0AD4D7AF8}.Release|Any CPU.Build.0 = Release|Any CPU
		{8D502204-D836-4FA6-B660-C14300C9C148}.Debug|Any CPU.ActiveCfg = Debug|Any CPU
		{8D502204-D836-4FA6-B660-C14300C9C148}.Debug|Any CPU.Build.0 = Debug|Any CPU
		{8D502204-D836-4FA6-B660-C14300C9C148}.Release|Any CPU.ActiveCfg = Release|Any CPU
		{8D502204-D836-4FA6-B660-C14300C9C148}.Release|Any CPU.Build.0 = Release|Any CPU
		{21D94D44-92D0-47E1-8537-75F881690A02}.Debug|Any CPU.ActiveCfg = Debug|Any CPU
		{21D94D44-92D0-47E1-8537-75F881690A02}.Debug|Any CPU.Build.0 = Debug|Any CPU
		{21D94D44-92D0-47E1-8537-75F881690A02}.Release|Any CPU.ActiveCfg = Release|Any CPU
		{21D94D44-92D0-47E1-8537-75F881690A02}.Release|Any CPU.Build.0 = Release|Any CPU
	EndGlobalSection
	GlobalSection(SolutionProperties) = preSolution
		HideSolutionNode = FALSE
	EndGlobalSection
	GlobalSection(ExtensibilityGlobals) = postSolution
		SolutionGuid = {1C2978E5-2A53-49EE-BB67-3AB960858E22}
	EndGlobalSection
EndGlobal
