
Microsoft Visual Studio Solution File, Format Version 12.00
# Visual Studio Version 16
VisualStudioVersion = 16.0.30413.136
MinimumVisualStudioVersion = 10.0.40219.1
Project("{FAE04EC0-301F-11D3-BF4B-00C04F79EFBC}") = "01. Sort Numbers", "01. Sort Numbers\01. Sort Numbers.csproj", "{86987052-C7EB-4A57-B8AF-C6A6712821C9}"
EndProject
Project("{FAE04EC0-301F-11D3-BF4B-00C04F79EFBC}") = "02. English Name of the Last Digit", "02. English Name of the Last Digit\02. English Name of the Last Digit.csproj", "{103C1B5A-F9C9-4F1F-BEF2-26E8304DD953}"
EndProject
Project("{FAE04EC0-301F-11D3-BF4B-00C04F79EFBC}") = "03. Gaming Store", "03. Gaming Store\03. Gaming Store.csproj", "{2D45145B-AF24-49D3-BFF1-15B23EEE9851}"
EndProject
Project("{FAE04EC0-301F-11D3-BF4B-00C04F79EFBC}") = "04. Reverse String", "04. Reverse String\04. Reverse String.csproj", "{8C975D99-0DC2-45F0-AED0-CB053D015E65}"
EndProject
Project("{FAE04EC0-301F-11D3-BF4B-00C04F79EFBC}") = "05. Messages", "05. Messages\05. Messages.csproj", "{1CED9BC3-BC4D-42A9-8757-D202E57BD158}"
EndProject
Global
	GlobalSection(SolutionConfigurationPlatforms) = preSolution
		Debug|Any CPU = Debug|Any CPU
		Release|Any CPU = Release|Any CPU
	EndGlobalSection
	GlobalSection(ProjectConfigurationPlatforms) = postSolution
		{86987052-C7EB-4A57-B8AF-C6A6712821C9}.Debug|Any CPU.ActiveCfg = Debug|Any CPU
		{86987052-C7EB-4A57-B8AF-C6A6712821C9}.Debug|Any CPU.Build.0 = Debug|Any CPU
		{86987052-C7EB-4A57-B8AF-C6A6712821C9}.Release|Any CPU.ActiveCfg = Release|Any CPU
		{86987052-C7EB-4A57-B8AF-C6A6712821C9}.Release|Any CPU.Build.0 = Release|Any CPU
		{103C1B5A-F9C9-4F1F-BEF2-26E8304DD953}.Debug|Any CPU.ActiveCfg = Debug|Any CPU
		{103C1B5A-F9C9-4F1F-BEF2-26E8304DD953}.Debug|Any CPU.Build.0 = Debug|Any CPU
		{103C1B5A-F9C9-4F1F-BEF2-26E8304DD953}.Release|Any CPU.ActiveCfg = Release|Any CPU
		{103C1B5A-F9C9-4F1F-BEF2-26E8304DD953}.Release|Any CPU.Build.0 = Release|Any CPU
		{2D45145B-AF24-49D3-BFF1-15B23EEE9851}.Debug|Any CPU.ActiveCfg = Debug|Any CPU
		{2D45145B-AF24-49D3-BFF1-15B23EEE9851}.Debug|Any CPU.Build.0 = Debug|Any CPU
		{2D45145B-AF24-49D3-BFF1-15B23EEE9851}.Release|Any CPU.ActiveCfg = Release|Any CPU
		{2D45145B-AF24-49D3-BFF1-15B23EEE9851}.Release|Any CPU.Build.0 = Release|Any CPU
		{8C975D99-0DC2-45F0-AED0-CB053D015E65}.Debug|Any CPU.ActiveCfg = Debug|Any CPU
		{8C975D99-0DC2-45F0-AED0-CB053D015E65}.Debug|Any CPU.Build.0 = Debug|Any CPU
		{8C975D99-0DC2-45F0-AED0-CB053D015E65}.Release|Any CPU.ActiveCfg = Release|Any CPU
		{8C975D99-0DC2-45F0-AED0-CB053D015E65}.Release|Any CPU.Build.0 = Release|Any CPU
		{1CED9BC3-BC4D-42A9-8757-D202E57BD158}.Debug|Any CPU.ActiveCfg = Debug|Any CPU
		{1CED9BC3-BC4D-42A9-8757-D202E57BD158}.Debug|Any CPU.Build.0 = Debug|Any CPU
		{1CED9BC3-BC4D-42A9-8757-D202E57BD158}.Release|Any CPU.ActiveCfg = Release|Any CPU
		{1CED9BC3-BC4D-42A9-8757-D202E57BD158}.Release|Any CPU.Build.0 = Release|Any CPU
	EndGlobalSection
	GlobalSection(SolutionProperties) = preSolution
		HideSolutionNode = FALSE
	EndGlobalSection
	GlobalSection(ExtensibilityGlobals) = postSolution
		SolutionGuid = {939EE4B0-116B-4F1D-8071-BCF4BB7BE832}
	EndGlobalSection
EndGlobal
